
Microsoft Visual Studio Solution File, Format Version 12.00
# Visual Studio Version 16
VisualStudioVersion = 16.0.33027.164
MinimumVisualStudioVersion = 10.0.40219.1
Project("{FAE04EC0-301F-11D3-BF4B-00C04F79EFBC}") = "Webgit", "Webgit\Webgit.csproj", "{95E4CDFE-1279-45BC-A964-2C067D7E74A0}"
EndProject
Global
	GlobalSection(SolutionConfigurationPlatforms) = preSolution
		Debug|Any CPU = Debug|Any CPU
		Release|Any CPU = Release|Any CPU
	EndGlobalSection
	GlobalSection(ProjectConfigurationPlatforms) = postSolution
		{95E4CDFE-1279-45BC-A964-2C067D7E74A0}.Debug|Any CPU.ActiveCfg = Debug|Any CPU
		{95E4CDFE-1279-45BC-A964-2C067D7E74A0}.Debug|Any CPU.Build.0 = Debug|Any CPU
		{95E4CDFE-1279-45BC-A964-2C067D7E74A0}.Release|Any CPU.ActiveCfg = Release|Any CPU
		{95E4CDFE-1279-45BC-A964-2C067D7E74A0}.Release|Any CPU.Build.0 = Release|Any CPU
	EndGlobalSection
	GlobalSection(SolutionProperties) = preSolution
		HideSolutionNode = FALSE
	EndGlobalSection
	GlobalSection(ExtensibilityGlobals) = postSolution
		SolutionGuid = {C5178D74-0F10-4F10-8718-D58275189290}
	EndGlobalSection
EndGlobal
